
Microsoft Visual Studio Solution File, Format Version 12.00
# Visual Studio Version 17
VisualStudioVersion = 17.13.35919.96 d17.13
MinimumVisualStudioVersion = 10.0.40219.1
Project("{FAE04EC0-301F-11D3-BF4B-00C04F79EFBC}") = "Bai1", "Bai1\Bai1.csproj", "{DB17FF2B-FFE6-4371-AE08-01C05E1BCE38}"
EndProject
Project("{FAE04EC0-301F-11D3-BF4B-00C04F79EFBC}") = "Bai2", "Bai2\Bai2.csproj", "{60DA99F7-C8B8-449F-A0A2-B34495A08DED}"
EndProject
Project("{FAE04EC0-301F-11D3-BF4B-00C04F79EFBC}") = "Bai3", "Bai3\Bai3.csproj", "{1A823C27-D935-4C23-8F85-A90EB1B58EB4}"
EndProject
Project("{FAE04EC0-301F-11D3-BF4B-00C04F79EFBC}") = "Bai4", "Bai4\Bai4.csproj", "{6B0FA0B9-B2DE-4C32-B946-A72FEAA830C2}"
EndProject
Project("{FAE04EC0-301F-11D3-BF4B-00C04F79EFBC}") = "Bai5", "Bai5\Bai5.csproj", "{5AB27555-DD09-4C35-AB5B-ABBC6370CAF8}"
EndProject
Project("{FAE04EC0-301F-11D3-BF4B-00C04F79EFBC}") = "Bai6", "Bai6\Bai6.csproj", "{E449DEB6-7D68-44DC-AE77-B9A744165AEE}"
EndProject
Project("{FAE04EC0-301F-11D3-BF4B-00C04F79EFBC}") = "Bai7", "Bai7\Bai7.csproj", "{76EB5013-34EF-44A6-B7F8-B19C70B3C56E}"
EndProject
Project("{FAE04EC0-301F-11D3-BF4B-00C04F79EFBC}") = "Bai8", "Bai8\Bai8.csproj", "{9E198EBC-E881-4461-8D86-0D0AF6E29AA3}"
EndProject
Project("{FAE04EC0-301F-11D3-BF4B-00C04F79EFBC}") = "Bai9", "Bai9\Bai9.csproj", "{F3031224-CB51-4FB9-9390-BA0FB32C9909}"
EndProject
Project("{FAE04EC0-301F-11D3-BF4B-00C04F79EFBC}") = "Bai 10", "Bai 10\Bai 10.csproj", "{67E04237-7AD5-4F77-87D2-CBC53E79B4C1}"
EndProject
Global
	GlobalSection(SolutionConfigurationPlatforms) = preSolution
		Debug|Any CPU = Debug|Any CPU
		Release|Any CPU = Release|Any CPU
	EndGlobalSection
	GlobalSection(ProjectConfigurationPlatforms) = postSolution
		{DB17FF2B-FFE6-4371-AE08-01C05E1BCE38}.Debug|Any CPU.ActiveCfg = Debug|Any CPU
		{DB17FF2B-FFE6-4371-AE08-01C05E1BCE38}.Debug|Any CPU.Build.0 = Debug|Any CPU
		{DB17FF2B-FFE6-4371-AE08-01C05E1BCE38}.Release|Any CPU.ActiveCfg = Release|Any CPU
		{DB17FF2B-FFE6-4371-AE08-01C05E1BCE38}.Release|Any CPU.Build.0 = Release|Any CPU
		{60DA99F7-C8B8-449F-A0A2-B34495A08DED}.Debug|Any CPU.ActiveCfg = Debug|Any CPU
		{60DA99F7-C8B8-449F-A0A2-B34495A08DED}.Debug|Any CPU.Build.0 = Debug|Any CPU
		{60DA99F7-C8B8-449F-A0A2-B34495A08DED}.Release|Any CPU.ActiveCfg = Release|Any CPU
		{60DA99F7-C8B8-449F-A0A2-B34495A08DED}.Release|Any CPU.Build.0 = Release|Any CPU
		{1A823C27-D935-4C23-8F85-A90EB1B58EB4}.Debug|Any CPU.ActiveCfg = Debug|Any CPU
		{1A823C27-D935-4C23-8F85-A90EB1B58EB4}.Debug|Any CPU.Build.0 = Debug|Any CPU
		{1A823C27-D935-4C23-8F85-A90EB1B58EB4}.Release|Any CPU.ActiveCfg = Release|Any CPU
		{1A823C27-D935-4C23-8F85-A90EB1B58EB4}.Release|Any CPU.Build.0 = Release|Any CPU
		{6B0FA0B9-B2DE-4C32-B946-A72FEAA830C2}.Debug|Any CPU.ActiveCfg = Debug|Any CPU
		{6B0FA0B9-B2DE-4C32-B946-A72FEAA830C2}.Debug|Any CPU.Build.0 = Debug|Any CPU
		{6B0FA0B9-B2DE-4C32-B946-A72FEAA830C2}.Release|Any CPU.ActiveCfg = Release|Any CPU
		{6B0FA0B9-B2DE-4C32-B946-A72FEAA830C2}.Release|Any CPU.Build.0 = Release|Any CPU
		{5AB27555-DD09-4C35-AB5B-ABBC6370CAF8}.Debug|Any CPU.ActiveCfg = Debug|Any CPU
		{5AB27555-DD09-4C35-AB5B-ABBC6370CAF8}.Debug|Any CPU.Build.0 = Debug|Any CPU
		{5AB27555-DD09-4C35-AB5B-ABBC6370CAF8}.Release|Any CPU.ActiveCfg = Release|Any CPU
		{5AB27555-DD09-4C35-AB5B-ABBC6370CAF8}.Release|Any CPU.Build.0 = Release|Any CPU
		{E449DEB6-7D68-44DC-AE77-B9A744165AEE}.Debug|Any CPU.ActiveCfg = Debug|Any CPU
		{E449DEB6-7D68-44DC-AE77-B9A744165AEE}.Debug|Any CPU.Build.0 = Debug|Any CPU
		{E449DEB6-7D68-44DC-AE77-B9A744165AEE}.Release|Any CPU.ActiveCfg = Release|Any CPU
		{E449DEB6-7D68-44DC-AE77-B9A744165AEE}.Release|Any CPU.Build.0 = Release|Any CPU
		{76EB5013-34EF-44A6-B7F8-B19C70B3C56E}.Debug|Any CPU.ActiveCfg = Debug|Any CPU
		{76EB5013-34EF-44A6-B7F8-B19C70B3C56E}.Debug|Any CPU.Build.0 = Debug|Any CPU
		{76EB5013-34EF-44A6-B7F8-B19C70B3C56E}.Release|Any CPU.ActiveCfg = Release|Any CPU
		{76EB5013-34EF-44A6-B7F8-B19C70B3C56E}.Release|Any CPU.Build.0 = Release|Any CPU
		{9E198EBC-E881-4461-8D86-0D0AF6E29AA3}.Debug|Any CPU.ActiveCfg = Debug|Any CPU
		{9E198EBC-E881-4461-8D86-0D0AF6E29AA3}.Debug|Any CPU.Build.0 = Debug|Any CPU
		{9E198EBC-E881-4461-8D86-0D0AF6E29AA3}.Release|Any CPU.ActiveCfg = Release|Any CPU
		{9E198EBC-E881-4461-8D86-0D0AF6E29AA3}.Release|Any CPU.Build.0 = Release|Any CPU
		{F3031224-CB51-4FB9-9390-BA0FB32C9909}.Debug|Any CPU.ActiveCfg = Debug|Any CPU
		{F3031224-CB51-4FB9-9390-BA0FB32C9909}.Debug|Any CPU.Build.0 = Debug|Any CPU
		{F3031224-CB51-4FB9-9390-BA0FB32C9909}.Release|Any CPU.ActiveCfg = Release|Any CPU
		{F3031224-CB51-4FB9-9390-BA0FB32C9909}.Release|Any CPU.Build.0 = Release|Any CPU
		{67E04237-7AD5-4F77-87D2-CBC53E79B4C1}.Debug|Any CPU.ActiveCfg = Debug|Any CPU
		{67E04237-7AD5-4F77-87D2-CBC53E79B4C1}.Debug|Any CPU.Build.0 = Debug|Any CPU
		{67E04237-7AD5-4F77-87D2-CBC53E79B4C1}.Release|Any CPU.ActiveCfg = Release|Any CPU
		{67E04237-7AD5-4F77-87D2-CBC53E79B4C1}.Release|Any CPU.Build.0 = Release|Any CPU
	EndGlobalSection
	GlobalSection(SolutionProperties) = preSolution
		HideSolutionNode = FALSE
	EndGlobalSection
	GlobalSection(ExtensibilityGlobals) = postSolution
		SolutionGuid = {A76FAFAB-ADFF-4B36-8EB4-CFA65AC95518}
	EndGlobalSection
EndGlobal
